
Microsoft Visual Studio Solution File, Format Version 12.00
# Visual Studio Version 17
VisualStudioVersion = 17.13.35931.197
MinimumVisualStudioVersion = 10.0.40219.1
Project("{FAE04EC0-301F-11D3-BF4B-00C04F79EFBC}") = "KomunikatorShared", "KomunikatorShared\KomunikatorShared.csproj", "{EAD953C0-25C4-4D3C-8CDA-6F21480EF1A6}"
EndProject
Project("{FAE04EC0-301F-11D3-BF4B-00C04F79EFBC}") = "KomunicatorServer", "KomunicatorServer\KomunicatorServer.csproj", "{B416B0ED-851C-4F4C-8EC2-4B5D033B9982}"
	ProjectSection(ProjectDependencies) = postProject
		{EAD953C0-25C4-4D3C-8CDA-6F21480EF1A6} = {EAD953C0-25C4-4D3C-8CDA-6F21480EF1A6}
	EndProjectSection
EndProject
Project("{FAE04EC0-301F-11D3-BF4B-00C04F79EFBC}") = "KomunikatorClient", "KomunikatorClient\KomunikatorClient.csproj", "{C3E1DF5B-B580-4440-B7F4-F73C0D15A52F}"
	ProjectSection(ProjectDependencies) = postProject
		{EAD953C0-25C4-4D3C-8CDA-6F21480EF1A6} = {EAD953C0-25C4-4D3C-8CDA-6F21480EF1A6}
	EndProjectSection
EndProject
Global
	GlobalSection(SolutionConfigurationPlatforms) = preSolution
		Debug|Any CPU = Debug|Any CPU
		Release|Any CPU = Release|Any CPU
	EndGlobalSection
	GlobalSection(ProjectConfigurationPlatforms) = postSolution
		{EAD953C0-25C4-4D3C-8CDA-6F21480EF1A6}.Debug|Any CPU.ActiveCfg = Debug|Any CPU
		{EAD953C0-25C4-4D3C-8CDA-6F21480EF1A6}.Debug|Any CPU.Build.0 = Debug|Any CPU
		{EAD953C0-25C4-4D3C-8CDA-6F21480EF1A6}.Release|Any CPU.ActiveCfg = Release|Any CPU
		{EAD953C0-25C4-4D3C-8CDA-6F21480EF1A6}.Release|Any CPU.Build.0 = Release|Any CPU
		{B416B0ED-851C-4F4C-8EC2-4B5D033B9982}.Debug|Any CPU.ActiveCfg = Debug|Any CPU
		{B416B0ED-851C-4F4C-8EC2-4B5D033B9982}.Debug|Any CPU.Build.0 = Debug|Any CPU
		{B416B0ED-851C-4F4C-8EC2-4B5D033B9982}.Release|Any CPU.ActiveCfg = Release|Any CPU
		{B416B0ED-851C-4F4C-8EC2-4B5D033B9982}.Release|Any CPU.Build.0 = Release|Any CPU
		{C3E1DF5B-B580-4440-B7F4-F73C0D15A52F}.Debug|Any CPU.ActiveCfg = Debug|Any CPU
		{C3E1DF5B-B580-4440-B7F4-F73C0D15A52F}.Debug|Any CPU.Build.0 = Debug|Any CPU
		{C3E1DF5B-B580-4440-B7F4-F73C0D15A52F}.Release|Any CPU.ActiveCfg = Release|Any CPU
		{C3E1DF5B-B580-4440-B7F4-F73C0D15A52F}.Release|Any CPU.Build.0 = Release|Any CPU
	EndGlobalSection
	GlobalSection(SolutionProperties) = preSolution
		HideSolutionNode = FALSE
	EndGlobalSection
	GlobalSection(ExtensibilityGlobals) = postSolution
		SolutionGuid = {A1FFC541-E8B6-4349-8D69-997721853F21}
	EndGlobalSection
EndGlobal
